
Microsoft Visual Studio Solution File, Format Version 12.00
# Visual Studio 15
VisualStudioVersion = 15.0.33919.361
MinimumVisualStudioVersion = 10.0.40219.1
Project("{F184B08F-C81C-45F6-A57F-5ABD9991F28F}") = "Home Down Payment", "Home Down Payment\Home Down Payment.vbproj", "{7A8D74A1-6036-4E42-AC06-F02AA0755ABC}"
EndProject
Global
	GlobalSection(SolutionConfigurationPlatforms) = preSolution
		Debug|Any CPU = Debug|Any CPU
		Release|Any CPU = Release|Any CPU
	EndGlobalSection
	GlobalSection(ProjectConfigurationPlatforms) = postSolution
		{7A8D74A1-6036-4E42-AC06-F02AA0755ABC}.Debug|Any CPU.ActiveCfg = Debug|Any CPU
		{7A8D74A1-6036-4E42-AC06-F02AA0755ABC}.Debug|Any CPU.Build.0 = Debug|Any CPU
		{7A8D74A1-6036-4E42-AC06-F02AA0755ABC}.Release|Any CPU.ActiveCfg = Release|Any CPU
		{7A8D74A1-6036-4E42-AC06-F02AA0755ABC}.Release|Any CPU.Build.0 = Release|Any CPU
	EndGlobalSection
	GlobalSection(SolutionProperties) = preSolution
		HideSolutionNode = FALSE
	EndGlobalSection
	GlobalSection(ExtensibilityGlobals) = postSolution
		SolutionGuid = {FC3956E0-9323-4AAB-809F-EBAB9544D1E9}
	EndGlobalSection
EndGlobal
