
Microsoft Visual Studio Solution File, Format Version 12.00
# Visual Studio 15
VisualStudioVersion = 15.0.33919.361
MinimumVisualStudioVersion = 10.0.40219.1
Project("{F184B08F-C81C-45F6-A57F-5ABD9991F28F}") = "Penny or Nickel Challenge", "Penny or Nickel Challenge\Penny or Nickel Challenge.vbproj", "{843AEE88-7805-4856-878E-6430F90C15EA}"
EndProject
Global
	GlobalSection(SolutionConfigurationPlatforms) = preSolution
		Debug|Any CPU = Debug|Any CPU
		Release|Any CPU = Release|Any CPU
	EndGlobalSection
	GlobalSection(ProjectConfigurationPlatforms) = postSolution
		{843AEE88-7805-4856-878E-6430F90C15EA}.Debug|Any CPU.ActiveCfg = Debug|Any CPU
		{843AEE88-7805-4856-878E-6430F90C15EA}.Debug|Any CPU.Build.0 = Debug|Any CPU
		{843AEE88-7805-4856-878E-6430F90C15EA}.Release|Any CPU.ActiveCfg = Release|Any CPU
		{843AEE88-7805-4856-878E-6430F90C15EA}.Release|Any CPU.Build.0 = Release|Any CPU
	EndGlobalSection
	GlobalSection(SolutionProperties) = preSolution
		HideSolutionNode = FALSE
	EndGlobalSection
	GlobalSection(ExtensibilityGlobals) = postSolution
		SolutionGuid = {67B53C3F-03C3-485A-92AD-ED9150A99969}
	EndGlobalSection
EndGlobal
